{
  "name": "ts-learning",
  "version": "1.0.0",
  "lockfileVersion": 1,
  "requires": true,
  "dependencies": {
    "@types/prop-types": {
      "version": "15.5.8",
      "resolved": "http://npm.f2e.mogujie.org/@types/prop-types/download/@types/prop-types-15.5.8.tgz",
      "integrity": "sha1-iuTg6iBf6Vw5AaWh339mSV46Vs4=",
      "dev": true
    },
    "@types/react": {
      "version": "16.7.17",
      "resolved": "http://npm.f2e.mogujie.org/@types/react/download/@types/react-16.7.17.tgz",
      "integrity": "sha1-MkLnlqH/u6T0nq5ZFaZ/TAeVBOk=",
      "dev": true,
      "requires": {
        "@types/prop-types": "*",
        "csstype": "^2.2.0"
      }
    },
    "@types/react-dom": {
      "version": "16.0.11",
      "resolved": "http://npm.f2e.mogujie.org/@types/react-dom/download/@types/react-dom-16.0.11.tgz",
      "integrity": "sha1-vRDMsNkmA0P0uaSdT3qDMKXB8IE=",
      "dev": true,
      "requires": {
        "@types/react": "*"
      }
    },
    "arrify": {
      "version": "1.0.1",
      "resolved": "http://npm.f2e.mogujie.org/arrify/download/arrify-1.0.1.tgz",
      "integrity": "sha1-iYUI2iIm84DfkEcoRWhJwVAaSw0=",
      "dev": true
    },
    "buffer-from": {
      "version": "1.1.1",
      "resolved": "http://npm.f2e.mogujie.org/buffer-from/download/buffer-from-1.1.1.tgz",
      "integrity": "sha1-MnE7wCj3XAL9txDXx7zsHyxgcO8=",
      "dev": true
    },
    "csstype": {
      "version": "2.5.8",
      "resolved": "http://npm.f2e.mogujie.org/csstype/download/csstype-2.5.8.tgz",
      "integrity": "sha1-TOWqFuoNVi75EF+jriZ28ZlYajU=",
      "dev": true
    },
    "diff": {
      "version": "3.5.0",
      "resolved": "http://npm.f2e.mogujie.org/diff/download/diff-3.5.0.tgz",
      "integrity": "sha1-gAwN0eCov7yVg1wgKtIg/jF+WhI=",
      "dev": true
    },
    "js-tokens": {
      "version": "4.0.0",
      "resolved": "http://npm.f2e.mogujie.org/js-tokens/download/js-tokens-4.0.0.tgz",
      "integrity": "sha1-GSA/tZmR35jjoocFDUZHzerzJJk="
    },
    "loose-envify": {
      "version": "1.4.0",
      "resolved": "http://npm.f2e.mogujie.org/loose-envify/download/loose-envify-1.4.0.tgz",
      "integrity": "sha1-ce5R+nvkyuwaY4OffmgtgTLTDK8=",
      "requires": {
        "js-tokens": "^3.0.0 || ^4.0.0"
      }
    },
    "make-error": {
      "version": "1.3.5",
      "resolved": "http://npm.f2e.mogujie.org/make-error/download/make-error-1.3.5.tgz",
      "integrity": "sha1-7+ToH22yjK3WBccPKcgxtY73dsg=",
      "dev": true
    },
    "minimist": {
      "version": "1.2.0",
      "resolved": "http://npm.f2e.mogujie.org/minimist/download/minimist-1.2.0.tgz",
      "integrity": "sha1-o1AIsg9BOD7sH7kU9M1d95omQoQ=",
      "dev": true
    },
    "mkdirp": {
      "version": "0.5.1",
      "resolved": "http://npm.f2e.mogujie.org/mkdirp/download/mkdirp-0.5.1.tgz",
      "integrity": "sha1-MAV0OOrGz3+MR2fzhkjWaX11yQM=",
      "dev": true,
      "requires": {
        "minimist": "0.0.8"
      },
      "dependencies": {
        "minimist": {
          "version": "0.0.8",
          "resolved": "http://npm.f2e.mogujie.org/minimist/download/minimist-0.0.8.tgz",
          "integrity": "sha1-hX/Kv8M5fSYluCKCYuhqp6ARsF0=",
          "dev": true
        }
      }
    },
    "object-assign": {
      "version": "4.1.1",
      "resolved": "http://npm.f2e.mogujie.org/object-assign/download/object-assign-4.1.1.tgz",
      "integrity": "sha1-IQmtx5ZYh8/AXLvUQsrIv7s2CGM="
    },
    "prop-types": {
      "version": "15.6.2",
      "resolved": "http://npm.f2e.mogujie.org/prop-types/download/prop-types-15.6.2.tgz",
      "integrity": "sha1-BdXKd7RFPphdYPx/+MhZCUpJcQI=",
      "requires": {
        "loose-envify": "^1.3.1",
        "object-assign": "^4.1.1"
      }
    },
    "react": {
      "version": "16.6.3",
      "resolved": "http://npm.f2e.mogujie.org/react/download/react-16.6.3.tgz",
      "integrity": "sha1-Jdd8kZEda73SPbQecPsJTMHghxw=",
      "requires": {
        "loose-envify": "^1.1.0",
        "object-assign": "^4.1.1",
        "prop-types": "^15.6.2",
        "scheduler": "^0.11.2"
      }
    },
    "react-dom": {
      "version": "16.6.3",
      "resolved": "http://npm.f2e.mogujie.org/react-dom/download/react-dom-16.6.3.tgz",
      "integrity": "sha1-j6e6aIPIUhG42i0O/v/J04JczMA=",
      "requires": {
        "loose-envify": "^1.1.0",
        "object-assign": "^4.1.1",
        "prop-types": "^15.6.2",
        "scheduler": "^0.11.2"
      }
    },
    "scheduler": {
      "version": "0.11.3",
      "resolved": "http://npm.f2e.mogujie.org/scheduler/download/scheduler-0.11.3.tgz",
      "integrity": "sha1-tXabkM+LFGTz88/K/o4811VaLWs=",
      "requires": {
        "loose-envify": "^1.1.0",
        "object-assign": "^4.1.1"
      }
    },
    "source-map": {
      "version": "0.6.1",
      "resolved": "http://npm.f2e.mogujie.org/source-map/download/source-map-0.6.1.tgz",
      "integrity": "sha1-dHIq8y6WFOnCh6jQu95IteLxomM=",
      "dev": true
    },
    "source-map-support": {
      "version": "0.5.9",
      "resolved": "http://npm.f2e.mogujie.org/source-map-support/download/source-map-support-0.5.9.tgz",
      "integrity": "sha1-QbyVOyU0Jn6i1gW8z6e/oxEc7V8=",
      "dev": true,
      "requires": {
        "buffer-from": "^1.0.0",
        "source-map": "^0.6.0"
      }
    },
    "ts-node": {
      "version": "6.2.0",
      "resolved": "http://npm.f2e.mogujie.org/ts-node/download/ts-node-6.2.0.tgz",
      "integrity": "sha1-ZaCuKszjGepP16yNfJ8fkMXaa68=",
      "dev": true,
      "requires": {
        "arrify": "^1.0.0",
        "buffer-from": "^1.1.0",
        "diff": "^3.1.0",
        "make-error": "^1.1.1",
        "minimist": "^1.2.0",
        "mkdirp": "^0.5.1",
        "source-map-support": "^0.5.6",
        "yn": "^2.0.0"
      }
    },
    "typescript": {
      "version": "2.9.2",
      "resolved": "http://npm.f2e.mogujie.org/typescript/download/typescript-2.9.2.tgz",
      "integrity": "sha1-HL9h0F1rliaSROtqO85L2RTg8Aw=",
      "dev": true
    },
    "yn": {
      "version": "2.0.0",
      "resolved": "http://npm.f2e.mogujie.org/yn/download/yn-2.0.0.tgz",
      "integrity": "sha1-5a2ryKz0CPY4X8dklWhMiOavaJo=",
      "dev": true
    }
  }
}
